{
    "_meta": {
        "hash": {
            "sha256": "eea67e825b6090acf0ce0d95f0ec415a1995e506bb7200c9f4ed8a5979c64570"
        },
        "pipfile-spec": 6,
        "requires": {
            "python_version": "3.6"
        },
        "sources": [
            {
                "name": "pypi",
                "url": "https://pypi.org/simple",
                "verify_ssl": true
            }
        ]
    },
    "default": {
        "appnope": {
            "hashes": [
                "sha256:5b26757dc6f79a3b7dc9fab95359328d5747fcb2409d331ea66d0272b90ab2a0",
                "sha256:8b995ffe925347a2138d7ac0fe77155e4311a0ea6d6da4f5128fe4b3cbe5ed71"
            ],
            "index": "pypi",
            "version": "==0.1.0"
        },
        "backcall": {
            "hashes": [
                "sha256:38ecd85be2c1e78f77fd91700c76e14667dc21e2713b63876c0eb901196e01e4",
                "sha256:bbbf4b1e5cd2bdb08f915895b51081c041bac22394fdfcfdfbe9f14b77c08bf2"
            ],
            "version": "==0.1.0"
        },
        "bleach": {
            "hashes": [
                "sha256:a6d9d5f5b7368c1689ad7f128af8e792beea23393688872b576c0271e6564a16",
                "sha256:b9522130003e4caedf4f00a39c120a906dcd4242329c1c8f621f5370203cbc30"
            ],
            "index": "pypi",
            "version": "==2.0.0"
        },
        "cltk": {
            "hashes": [
                "sha256:730d32ffbf05597f7c9533836b2d738cb7116f1db46f2c6de02994181811292d"
            ],
            "index": "pypi",
            "version": "==0.1.56"
        },
        "cycler": {
            "hashes": [
                "sha256:1d8a5ae1ff6c5cf9b93e8811e581232ad8920aeec647c37316ceac982b08cb2d",
                "sha256:cd7b2d1018258d7247a71425e9f26463dfb444d411c39569972f4ce586b0c9d8"
            ],
            "index": "pypi",
            "version": "==0.10.0"
        },
        "decorator": {
            "hashes": [
                "sha256:73cbaadb8bc4e3c65fe1100773d56331a2d756cc0f5c7b9d8d5d5223fe04f600",
                "sha256:953d6bf082b100f43229cf547f4f97f97e970f5ad645ee7601d55ff87afdfe76"
            ],
            "index": "pypi",
            "version": "==4.0.11"
        },
        "entrypoints": {
            "hashes": [
                "sha256:10ad569bb245e7e2ba425285b9fa3e8178a0dc92fc53b1e1c553805e15a8825b",
                "sha256:d2d587dde06f99545fb13a383d2cd336a8ff1f359c5839ce3a64c917d10c029f"
            ],
            "index": "pypi",
            "version": "==0.2.3"
        },
        "gitdb2": {
            "hashes": [
                "sha256:903e3fe1753d76796e35429cc9ce8685d9958fe5ba68ceaf315c5b9cbabc99d3",
                "sha256:f2e36d7561e91f30a6a44858756dc020d8f1e81ca6e4185979d5c6c24c648070"
            ],
            "index": "pypi",
            "version": "==2.0.2"
        },
        "gitpython": {
            "hashes": [
                "sha256:4953b895244dd4bb13695d2bcff1dd2bbc8e2e9ab59a1275c4c80bc47ae88af5",
                "sha256:5c00cbd256e2b1d039381d4f7d71fcb7ee5cc196ca10c101ff7191bd82ab5d9c"
            ],
            "index": "pypi",
            "version": "==2.1.5"
        },
        "html5lib": {
            "hashes": [
                "sha256:b8934484cf22f1db684c0fae27569a0db404d0208d20163fbf51cc537245d008",
                "sha256:ee747c0ffd3028d2722061936b5c65ee4fe13c8e4613519b4447123fc4546298"
            ],
            "index": "pypi",
            "version": "==0.999999999"
        },
        "ipykernel": {
            "hashes": [
                "sha256:188c786b7d1786b10214aa64089e62bb2ee54dd2aa3d17db5bb39ffacf44b21d",
                "sha256:2e1825aca4e2585b5adb7953ea16e53f53a62159ed49952a564b1e23507205db",
                "sha256:afe2bebd8b47ac91801f13f26c228897ebd63793e7daa271921fdbc6dd719173"
            ],
            "index": "pypi",
            "version": "==4.6.1"
        },
        "ipython": {
            "hashes": [
                "sha256:5c53e8ee4d4bec27879982b9f3b4aa2d6e3cfd7b26782d250fa117f85bb29814",
                "sha256:cd44c7f5ccb2b349ffd6ede10d8e4204c9ab1ede4a8a6c40220cfeb07069171a"
            ],
            "index": "pypi",
            "version": "==6.1.0"
        },
        "ipython-genutils": {
            "hashes": [
                "sha256:72dd37233799e619666c9f639a9da83c34013a73e8bbc79a7a6348d93c61fab8",
                "sha256:eb2e116e75ecef9d4d228fdc66af54269afa26ab4463042e33785b887c628ba8"
            ],
            "version": "==0.2.0"
        },
        "ipywidgets": {
            "hashes": [
                "sha256:afa6248850cff14ef86117db87aeab0b12237e4eaf740e73716460ed593a43a7",
                "sha256:e3b50a61c01b973284a549901e59b7af3bb3afc8ceec9c498de5c43ae9d3db91"
            ],
            "index": "pypi",
            "version": "==6.0.0"
        },
        "jedi": {
            "hashes": [
                "sha256:7abb618cac6470ebbd142e59c23daec5e6e063bfcecc8a43a037d2ab57276f4e",
                "sha256:96678411f2ffa444da3a5e7fdd4adc513b728a4a4617b30308be5c950722424b"
            ],
            "index": "pypi",
            "version": "==0.10.2"
        },
        "jinja2": {
            "hashes": [
                "sha256:2231bace0dfd8d2bf1e5d7e41239c06c9e0ded46e70cc1094a0aa64b0afeb054",
                "sha256:ddaa01a212cd6d641401cb01b605f4a4d9f37bfc93043d7f760ec70fb99ff9ff"
            ],
            "index": "pypi",
            "version": "==2.9.6"
        },
        "jsonschema": {
            "hashes": [
                "sha256:000e68abd33c972a5248544925a0cae7d1125f9bf6c58280d37546b946769a08",
                "sha256:6ff5f3180870836cae40f06fa10419f557208175f13ad7bc26caa77beb1f6e02"
            ],
            "index": "pypi",
            "version": "==2.6.0"
        },
        "jupyter-client": {
            "hashes": [
                "sha256:27befcf0446b01e29853014d6a902dd101ad7d7f94e2252b1adca17c3466b761",
                "sha256:59e6d791e22a8002ad0e80b78c6fd6deecab4f9e1b1aa1a22f4213de271b29ea"
            ],
            "version": "==5.2.3"
        },
        "jupyter-console": {
            "hashes": [
                "sha256:9ed0bc03a8fa4a32e2f61a068508b4d133aeda772e28d481ef3c0bcb6cc5508e",
                "sha256:d0b4ae4dfe070be1e9d5690fa819328acffb5f37a8ef3baa1c7e3b77b443cfd7"
            ],
            "version": "==5.1.0"
        },
        "jupyter-core": {
            "hashes": [
                "sha256:927d713ffa616ea11972534411544589976b2493fc7e09ad946e010aa7eb9970",
                "sha256:ba70754aa680300306c699790128f6fbd8c306ee5927976cbe48adacf240c0b7"
            ],
            "version": "==4.4.0"
        },
        "markupsafe": {
            "hashes": [
                "sha256:a6be69091dac236ea9c6bc7d012beab42010fa914c459791d627dad4910eb665"
            ],
            "index": "pypi",
            "version": "==1.0"
        },
        "matplotlib": {
            "hashes": [
                "sha256:063a07660bee266c947e5ac0044053074c3ff3e5398614538d21c29b622ed0bd",
                "sha256:09214eb11171a8426c9c89a236f05f26a76b204e5346dd4382ddcfb74820d467",
                "sha256:11c7ed4716833c5b70f72f6c795a948d413e2af659442aa145d1e91868393084",
                "sha256:14b0ab89e58621105c7b2cfd5ddc6cf13a87ac7cbcc73c287e4003d1f5e40fae",
                "sha256:226f9c3799c16fdfc9be4b64bee2f1956626eddb58b24359247b0fb72afd76a0",
                "sha256:353b56cd2fed8977767356cb686e3bf74789a4abd81e4bdfc4d57b40679fe057",
                "sha256:4a2d2d97266e4e199266b7e409e5e8be4d3b26b4bad2702b70a8ae18f52d97b4",
                "sha256:4b5f16c9cefde553ea79975305dcaa67c8e13d927b6e55aa14b4a8d867e25387",
                "sha256:50aef54b4f947001667c775b1973928cdb3e33024cb93f81b5b024b34b1488a7",
                "sha256:5c50343bc8e70f2b811188790fa899430062ce37696a166374239c838015a995",
                "sha256:a5ba34f1b4d1e81be4df0fd033abd8062dbce2eca5b3a25339edb31e4390568a",
                "sha256:b2e3b1eaf3a2753a1a63826bf4ab7487b383fbef5ef4941b25f4193baaa95d95",
                "sha256:c665d3daf24f95acbd1541681ab1185e283afc046fe4175bfceab2cf26a8620b",
                "sha256:c8579a840a1bd93e00a273aac0be3edd94b805fe4cd2156f01611622032188d1",
                "sha256:d0d7036045e6a08663e428e4ea4af69164cdd79c486d31be835bb2ca7f5f1962",
                "sha256:ea24f02268149aebe4f239635da8183f4e43f9116eebf8fcd365e2d04bc821fe",
                "sha256:f490f684a241cd88003afebc356f5c69bdced22e549fbd50b914f7fe07ce4fa3",
                "sha256:fa6155cf41857135bff125419256ccab6ce81e0cd63fac60a7c673efa8a989dd"
            ],
            "index": "pypi",
            "version": "==2.1.0"
        },
        "mistune": {
            "hashes": [
                "sha256:4ee2350e750acab4c4ae2fb16197f9f27b9a4740e87ed4ad9f7ecdc987bed9bc",
                "sha256:8517af9f5cd1857bb83f9a23da75aa516d7538c32a2c5d5c56f3789a9e4cd22f",
                "sha256:94b9f0c3c7f2bae302009d8bec2bb803daec8879e0ea2102630f5ea7ade2c96b",
                "sha256:9d21a8ad203c6d7253492518fde7e633c561fecd544301017ab4a5929452955b"
            ],
            "index": "pypi",
            "version": "==0.7.4"
        },
        "nbconvert": {
            "hashes": [
                "sha256:844c9e857af59f60242155730a84e2c0b04d1c2bb4f1e0c8caf3c4268c2e2c09",
                "sha256:9ed68ec7fe90a8672b43795b29ea91cc75ea355c83debc83ebd12171521ec274"
            ],
            "index": "pypi",
            "version": "==5.2.1"
        },
        "nbformat": {
            "hashes": [
                "sha256:5fd473f9637a455e10b668f381a0895c80e790019846a0c423ea54108ad89475",
                "sha256:5febcce872672f1c97569e89323992bdcb8573fdad703f835e6521253191478b"
            ],
            "index": "pypi",
            "version": "==4.3.0"
        },
        "nltk": {
            "hashes": [
                "sha256:8682ae52f5de4f2ba7b77bd78222a38575ad01ef29946214b254dfdf93a3a0eb"
            ],
            "index": "pypi",
            "version": "==3.2.4"
        },
        "notebook": {
            "hashes": [
                "sha256:95dc9afa0444d05a0b76d6d1f5133c34a92a95f4e248efef3f59ccd2c2616c7d",
                "sha256:fa915c231e64a30d19cc2c70ccab6444cbaa93e44e92b5f8233dd9147ad0e664"
            ],
            "index": "pypi",
            "version": "==5.5.0"
        },
        "numpy": {
            "hashes": [
                "sha256:02e6279d95081086469e6ed83c708c4c48ed03a28ab87c71bea28af3b95fa56d",
                "sha256:05a7a81397e1391ae34cc0d14764a31ab6f73dbd0abe0952b3550d3ad4df265d",
                "sha256:1400ec59c7f6c4f9390cc3bc5e56a6cbae2c30b39024eef317a0b52fe9c174c6",
                "sha256:1980c4bc1eb495624c8414f3763da83b91d37c3c69772ab6912e9a857a143cdb",
                "sha256:405c3dbb6a57415ec8576ff1c0248f332ac1c3be2e5eea04d498dad8431bf57b",
                "sha256:42b3cf886701bb16f3bdf2ae6c39af67b464cdd67d5fc86619ef2a876a23de27",
                "sha256:436d47018c3cd2b9723ed3cd4ed4698ea7641449c71096781478ef6a20ae3bd0",
                "sha256:43722270fbfb07d91558985a3da37aa92a2d4e2d271182526959a5773f9fb12a",
                "sha256:4b7da62ba159bfc5fee6f54709b0708686ee15081f16dc5f81cda7f1e0e77941",
                "sha256:73fd54d9787f4f8747f823a7e2d0693da94c66b670ccf436e4bb488bbcd5ce8c",
                "sha256:838e48df3703c8747f355cd6386e0680b906a2f7b2bbd304e8a2d531692484ce",
                "sha256:91a4f5c6594a61b57b0ab6031a084fa3686b1e847cc2215983e444583594b529",
                "sha256:94cb6ef9ffd15d7d904d0825ada642a51dc8890cdc06f1e4fb8e46cff79fe2ef",
                "sha256:9a8515002f143a5934f25ad2aacdfd1fcf57a7f5da6142c439eb8787ef65e8a6",
                "sha256:a09a4707066fe9431c6b79a1be922bc126f4bc50502ae7e9f67d40917d0cc6d4",
                "sha256:ab6abc2083013dd86a8fcba2ba16bab00690cb81db62588781d656572809c9a9",
                "sha256:b064211a4d86fc8009ef90c66d1443ba4a0c56d481659e085a190299569955e3",
                "sha256:b49caeb170e54cc59863017a199667a51526bd906bcd5ee340fcf0e01bd7fa94",
                "sha256:c1833829526ce8f5177a3e07554b6c98c194072f66f018839ecd1ef2d15e6c4a",
                "sha256:c9b0283776085cb2804efff73e9955ca279ba4edafd58d3ead70b61d209c4fbb",
                "sha256:d910a24f536f926bd56fb30d6f17ae8b89a1406e105087a49e014e000b00e8db",
                "sha256:ed6a909a78e29a4056e30f918a26b231e33edc77bd785bbceb461877baf9feb5",
                "sha256:f4b4b2da8c1b4f7c212742d2be03aa9277d46fd7b309025d930ad554e5739932"
            ],
            "index": "pypi",
            "version": "==1.13.1"
        },
        "pandas": {
            "hashes": [
                "sha256:0811ede1b9b338169803e04e665f8127283995223d296a2e61eca99d14f0a9a7",
                "sha256:09ab1d66f6db0e6bb74c15813fcfbd6f0f2a7a78c8824d56e285360833cd225c",
                "sha256:19eff29057c05e498e66b6c373860db0520adf2601647c7147022861a5be7dac",
                "sha256:25219ad2b5a203bfd6f84ab179594536eb00ef91b0c6615715450788f2306c80",
                "sha256:2595f720809a494c36e42d778bcb4bcc5aca4afd6a2dc783b927b73e1f7351ed",
                "sha256:26e9a0f4299f39816b469c83b2f3a04dcaa2727bde93469959ba63574f16e15a",
                "sha256:353608eeeac4d6666390998dd37689ba26920ec08c007fbe46fef98a4be5224b",
                "sha256:39732ac0ca2963eb78da570c16fb9dbf5c7f84409974ca15f32876091cb533a2",
                "sha256:39fda572ec544836bdc913b36f6efdbd453116c6fea8df24764cf10d86ba0ad6",
                "sha256:58b56065ac2298cdc6d12c69a34dc0d2315bb3827ca014a227b7412c5ee4204f",
                "sha256:6ea455587b3b2a73288f00476a5b20862052d69d287cda7aadff570a48972cbf",
                "sha256:70463d4e04a39fb530461a1e50c6068b14b668ccf756f5111599198e3db47cb8",
                "sha256:908e09bf7951162aa639a8414d511e2b7774922c6e14fb8af2ed67e5767b867b",
                "sha256:9677e26f40050c2262391df02674ae277d1cf137986b6611de4b4c86ddc62c08",
                "sha256:a53ab088ab3848a4140476e438e4ba41054f802ef432a188c5d849e41c7b2a9c",
                "sha256:a777e07633d83d546c55706420179551c8e01075b53c497dcf8ae4036766bc66",
                "sha256:aebedc41d9ffd5da31b28aa6d32c70a904432d0259eee4ff0da494395d7e4ed6",
                "sha256:bac73f33a578ee40cc96b7512bf8596cdc534892336e0cf4f8dde80eed7c916d",
                "sha256:cbaa99186712e697cb4775c625e7924cf17200a01bad441e6135c3a932f51d11",
                "sha256:d0e85e1d8c46758ab6a07467438b6a625e60532c5aab46b6bc570a3b8243c697",
                "sha256:d8635f161aadd23262ab94e0c2962dd6c727505a3c7e987e33f0172ab40a2f3a",
                "sha256:d8b636ee0a992551b5bfe5bb8518db3e56301ce21394993668c72fe2f23efaf0",
                "sha256:eea812e11da3f53fce9f8474a3ab42124e0ae4a359d9d1677d676cb3dfacb217",
                "sha256:fcc312dd529c91e0fdc074cb466367e856ee337f727aa739a77df49f647c8011"
            ],
            "index": "pypi",
            "version": "==0.20.3"
        },
        "pandocfilters": {
            "hashes": [
                "sha256:ec8bcd100d081db092c57f93462b1861bcfa1286ef126f34da5cb1d969538acd"
            ],
            "index": "pypi",
            "version": "==1.4.1"
        },
        "parso": {
            "hashes": [
                "sha256:35704a43a3c113cce4de228ddb39aab374b8004f4f2407d070b6a2ca784ce8a2",
                "sha256:895c63e93b94ac1e1690f5fdd40b65f07c8171e3e53cbd7793b5b96c0e0a7f24"
            ],
            "version": "==0.3.1"
        },
        "pexpect": {
            "hashes": [
                "sha256:3d132465a75b57aa818341c6521392a06cc660feb3988d7f1074f39bd23c9a92",
                "sha256:f853b52afaf3b064d29854771e2db509ef80392509bde2dd7a6ecf2dfc3f0018"
            ],
            "index": "pypi",
            "version": "==4.2.1"
        },
        "pickleshare": {
            "hashes": [
                "sha256:84a9257227dfdd6fe1b4be1319096c20eb85ff1e82c7932f36efccfe1b09737b",
                "sha256:c9a2541f25aeabc070f12f452e1f2a8eae2abd51e1cd19e8430402bdf4c1d8b5"
            ],
            "index": "pypi",
            "version": "==0.7.4"
        },
        "prompt-toolkit": {
            "hashes": [
                "sha256:1df952620eccb399c53ebb359cc7d9a8d3a9538cb34c5a1344bdbeb29fbcc381",
                "sha256:3f473ae040ddaa52b52f97f6b4a493cfa9f5920c255a12dc56a7d34397a398a4",
                "sha256:858588f1983ca497f1cf4ffde01d978a3ea02b01c8a26a8bbc5cd2e66d816917"
            ],
            "version": "==1.0.15"
        },
        "ptyprocess": {
            "hashes": [
                "sha256:e64193f0047ad603b71f202332ab5527c5e52aa7c8b609704fc28c0dc20c4365",
                "sha256:e8c43b5eee76b2083a9badde89fd1bbce6c8942d1045146e100b7b5e014f4f1a"
            ],
            "index": "pypi",
            "version": "==0.5.2"
        },
        "pygments": {
            "hashes": [
                "sha256:78f3f434bcc5d6ee09020f92ba487f95ba50f1e3ef83ae96b9d5ffa1bab25c5d",
                "sha256:dbae1046def0efb574852fab9e90209b23f556367b5a320c0bcb871c77c3e8cc"
            ],
            "index": "pypi",
            "version": "==2.2.0"
        },
        "pyparsing": {
            "hashes": [
                "sha256:0832bcf47acd283788593e7a0f542407bd9550a55a8a8435214a1960e04bcb04",
                "sha256:fee43f17a9c4087e7ed1605bd6df994c6173c1e977d7ade7b651292fab2bd010"
            ],
            "index": "pypi",
            "version": "==2.2.0"
        },
        "python-crfsuite": {
            "hashes": [
                "sha256:1418a5e51ebec771f736de58bfe106cb7c67479c6a1bfb45e4c22f28467a76ed",
                "sha256:1a6e57f4b54c9b12f6765f13d6077e483a80a6d8e93a94766a57d6253ba1b985",
                "sha256:1c388bd294a678969518b574ad034560fcd770e5a41b94884ebf844a51263d7d",
                "sha256:25681e88c269e25eaefed89bf6e7ddd6ce6f758493bb9347d1b0de70a8ec63f9",
                "sha256:2d76b517c34e7941c8eba80d33e86688acfd487bd0ecb06f9312f256a0f89827",
                "sha256:4a894c07957abbb153ae3aac3a691e082163d0431c5c5cb5302edad80758043b",
                "sha256:581ad67f824f214c2ebb5aa2096773b5fea52d531951b46d183cdea47c0c01e3",
                "sha256:581b4670ee7a413f2b28f338f2b1c7c960fd1d5ad13a35766eb853e5b7866956",
                "sha256:62d07edf91e81231cd1abd5a23aa1a9381060139a24c9e5398b82ef5c5a439fa",
                "sha256:7d36a78919fe3fd2eaf0543d02797aaf4d5f4b18cebecc2fe241df64ecc6ac18",
                "sha256:906be90b0b8695aa34dd92e69a4b3e837975cc8265bc4ae980fe1d9c6e964d31",
                "sha256:929200266c22b4baf710c966fad50bca0874b1fe2f3ea27b7bb7db90cd5402b4",
                "sha256:a3f76e415a6b20bb652941e88274a629d800e3e76bd873bbcf787430a64908fd",
                "sha256:a61b1f18de2e78f54d6008fa5eeaf02f11a1225a34bd5de4538cbe6b94b97610",
                "sha256:ab597669f167e082c72928904d62db8d8c7ba4a4dc8219874541d3acd1087746",
                "sha256:bafe27c5f7afd3871f3ce2e76efc2eab62141d7637cf055083f8cf186f35ceff",
                "sha256:c83dbd84eb8a0d1d2bc8cd72638dbb3c6fdf759a5ad3b64a8185651b3ad2a3df",
                "sha256:c9875553ac1a7193e22584f121e570853072242fbd5b3351a4945bc79e8f8e7d",
                "sha256:c9e6afe6da02cb58bc5cb445f0dd664a4bc94cbace5560f3f4f900cd01255845",
                "sha256:ca0bf2e3e9973968c9ea4d21ebf09927e6405f48c58f99e42f53a006942aff83",
                "sha256:d02e465671949e259077b9595ae8adbcca4c7062255be3cdbbb8779abb5c0196",
                "sha256:d9b134b5f69b7d3167c411c73e34383e802938953f1876c67b2eeac6ccb07803",
                "sha256:e5e14c303b71706a7c6c445227129e305e22fc548d441d838311d99efd645342",
                "sha256:eb827463f4a379719f5582d29bc84a6f1d91483ca71989b091616f8b0655d73c"
            ],
            "index": "pypi",
            "version": "==0.9.2"
        },
        "python-dateutil": {
            "hashes": [
                "sha256:3acbef017340600e9ff8f2994d8f7afd6eacb295383f286466a6df3961e486f0",
                "sha256:537bf2a8f8ce6f6862ad705cd68f9e405c0b5db014aa40fa29eab4335d4b1716",
                "sha256:62a2f8df3d66f878373fd0072eacf4ee52194ba302e00082828e0d263b0418d2"
            ],
            "index": "pypi",
            "version": "==2.6.0"
        },
        "pytz": {
            "hashes": [
                "sha256:d1d6729c85acea5423671382868627129432fba9a89ecbb248d8d1c7a9f01c67",
                "sha256:f5c056e8f62d45ba8215e5cb8f50dfccb198b4b9fbea8500674f3443e4689589"
            ],
            "index": "pypi",
            "version": "==2017.2"
        },
        "pyuca": {
            "hashes": [
                "sha256:71e77376a02a7cc88bb7db399393b506eb677ddd9aa8c5d4631efdbe8dc6a417",
                "sha256:c3a685a7087dffec27f9769314481633ec11e405de0dfc1723e1b02967796b48"
            ],
            "index": "pypi",
            "version": "==1.1.2"
        },
        "pyyaml": {
            "hashes": [
                "sha256:16b20e970597e051997d90dc2cddc713a2876c47e3d92d59ee198700c5427736",
                "sha256:3262c96a1ca437e7e4763e2843746588a965426550f3797a79fca9c6199c431f",
                "sha256:592766c6303207a20efc445587778322d7f73b161bd994f227adaa341ba212ab",
                "sha256:5ac82e411044fb129bae5cfbeb3ba626acb2af31a8d17d175004b70862a741a7",
                "sha256:827dc04b8fa7d07c44de11fabbc888e627fa8293b695e0f99cb544fdfa1bf0d1",
                "sha256:bc6bced57f826ca7cb5125a10b23fd0f2fff3b7c4701d64c439a300ce665fff8",
                "sha256:c01b880ec30b5a6e6aa67b09a2fe3fb30473008c85cd6a67359a1b15ed6d83a4",
                "sha256:e863072cdf4c72eebf179342c94e6989c67185842d9997960b3e69290b2fa269"
            ],
            "index": "pypi",
            "version": "==3.12"
        },
        "pyzmq": {
            "hashes": [
                "sha256:0145ae59139b41f65e047a3a9ed11bbc36e37d5e96c64382fcdff911c4d8c3f0",
                "sha256:18de8a02768b1c0b3495ac635b24bd902fafc08befb70a6e68c4d343ccbd6cbd",
                "sha256:2fb4d745ffe0a65ebf8fd29df093bb5c0ac96a506cb05b9a7b7c94b2524ae7f6",
                "sha256:4193cc666591495ab7fe8d24fa8374a35f9775f16dc7c46e03615559e1fc1855",
                "sha256:445fed4d71ac48da258ba38f2e29c88c5091124212a4004a0a6a42e6586a7de1",
                "sha256:538dfdd9542cf9ff37cd958da03b58d56b53b90800159ea07adc51a8ec7ffcb8",
                "sha256:613ac1fc4591b1c6a0a52ce3ed17dbffd6a17e985df504e8b4cdb987f97285b1",
                "sha256:630fb21f7474eb9e409a1ad476bf1ec489a69eb021172d422f2485cc3a44cd79",
                "sha256:6c3632d2c17cf03ce728ffaa328d45bb053623b3a0aa9747adcde81778d5a4d5",
                "sha256:72a490db0e34c204764457a6853afde7c0d1aa01b6dbbbaea064636614b774c6",
                "sha256:767e1d0b1f7fff1950127abc08c5a5af2754987bc6480c6d641bed6971278a7a",
                "sha256:863ec1bfa52da6eaa5c4aa59143eeaeb4ef7a076862407a548ec645f25e6d6df",
                "sha256:a0ecf4c3eccd92f030a4e3e334b9da6fa3ee86be00249343c74e476d70567d0f",
                "sha256:ad5a8b19b6671b52d30ccfc3a0f4c600e49c4e2dcc88caf4106ed5958dec8d5e",
                "sha256:b31f2b50ad2920f21b904f5edf66bee324e42bb978df1407ecf381b210d4678e",
                "sha256:b328c538061757f627d32f7f8885c16f1d2f59f5374e057822f3c8e6cd94c41b",
                "sha256:b89268020a843d4c3cc04180577ec061fe96d35f267b0b672cb006e4d70560da",
                "sha256:ba0b43aebf856e5e249250d74c1232d6600b6859328920d12e2ba72a565ab1b1",
                "sha256:bdb12b485b3440b5193cd337d27cc126cdfc54ea9f38df237e1ead6216435cbe",
                "sha256:c30d27c9b35285597b8ef3019f97b9b98457b053f65dcc87a90dfdd4db09ca78",
                "sha256:d51eb3902d27d691483243707bfa67972167a70269bbbc172b74eeac4f780a1d",
                "sha256:e5578ae84bb94e97adadfcb00106a1cb161cb8017f89b01f6c3737f356257811",
                "sha256:f35b4cdeffff79357a9d929daa2a8620fb362b2cbeebdc5dd2cf9fcd27c44821",
                "sha256:fb983aec4bddee3680a0b7395f99e4595d70d81841370da736c5dc642bad4cd2"
            ],
            "version": "==17.0.0"
        },
        "qtconsole": {
            "hashes": [
                "sha256:274c6c3fb8c99f09601b6c5f4e6b86c2a93d0622229df14966d9aa95a3bad7f3",
                "sha256:2821ccf85853b83e4958521f82e36325208787eaf79b19b83905a99cc41aa209"
            ],
            "index": "pypi",
            "version": "==4.3.0"
        },
        "regex": {
            "hashes": [
                "sha256:09155e0015d239d0b1bc659bb88388fbef1339562324a90f97fef51acb9f353b",
                "sha256:1e5181bc737ee720945ac97444ec0d8f3dd8722faf04248452d98181010dc0dd",
                "sha256:3ac800c58d12aee658d060b0df295dc788ec00ac1c4ee362bd3c3ba1d19ef3ef",
                "sha256:410db77ea818a38c43f29e5331c2d342fa773dabdbd5cee2b1e8693ea5da45fc",
                "sha256:4c5004fb366e4140b058a003c4e0708b4d2be92444c4fe43bd339cbbcfa28b83",
                "sha256:53c5239b0e98cd4f90b50ef6c83a1e80df017efb2233e2297b96446e1636e2af",
                "sha256:579a9e2cc42a41abf9d1af951f112a7e19ccfacf26e7e7524eac2b6e8d3189a8",
                "sha256:626e063a85b334359e1741b427c3024e8524e12c8e2ad376d34c7754b1cf7cac",
                "sha256:808fde10fef1c8aa17a79a1cf9c923c9ccac443be9c6a9bb25622269f6eb647a",
                "sha256:8419f4a88ebef0e099817087d21ede6c100eac7476b8ab5a2bc11558aeec8b81",
                "sha256:b08c0bcd633921d64a7dfee0a32d59c625cee45032a31db4241d35ea577d2392",
                "sha256:bac8f41654a304e5282445aaff9ec3e9632b6cff87b1ef771f1a05351bb204e4",
                "sha256:bca8a2ed0304e39c27dfc539404506634b51498b48b298598729c495a73149d6",
                "sha256:c0b7b2491be2730655ba40411eb82afd1734733ede2a7ab3c43bfde8cd77659b",
                "sha256:c354fcaff55b48beb3536d1342c977f691c120b91d5ebe7df8ebc0993f3bd0f6",
                "sha256:c5c7ddc7c409f71412dce1f1a38cef5d39e66fae643cd3b4ac229ee9f591ad7c",
                "sha256:ceb9e27640ccf09efadc86e85639f6ffd0d94f0cb50ccad981b849f63821b070",
                "sha256:d1f51b9621c0de3a3c20b7f29a966aaade556ea7406f0984491b1fa8eee2f8ae",
                "sha256:ef3e20b6db0676092c1a25da167baed64ad4b2248de707a58cdd910e35f48cff"
            ],
            "index": "pypi",
            "version": "==2017.6.23"
        },
        "scikit-learn": {
            "hashes": [
                "sha256:1243c41698244934edcb866aff46f8e7f019dfcd9e99019ae98a244422c45e9a",
                "sha256:21691bc3dfd032ea6ebb462afd666216054bdaaf5ded463d8e4608f5f4bd01b4",
                "sha256:2477dbb81c02cf04067e3ebd55292d019666f65f97bd13deb5f0216577599460",
                "sha256:24f5cb67559e0df27827b1804b197431c08880d2ec9285724fac90906830021f",
                "sha256:32babf6b1ce2a3efb960ebaa8d1cffeccb7db0a136cd5dd292ff0520922d85b1",
                "sha256:35377226e0674f64418eb9c5cd0ef312558673ed08a1fa69e7f246f1449fa84e",
                "sha256:430e70de907a65d3f92a1a1b28417b0924b01cee6eac77507ed0739192e2762a",
                "sha256:49412dab4fb8597f80ef075ed3cf824f3c4dbf479544d60e8f897bef153c2e0a",
                "sha256:4c164b97092c14db5615ec8aeef599e2083ac7ea7f9b7307cda8af058740f957",
                "sha256:59482722de13da24317734195bac8cc731a068105bfcb50aab6981492d794a23",
                "sha256:614e834c47ef65d43ec57173a0b5dfadee5d4b5a692b89383faa3f7c2dab9ead",
                "sha256:6235192a5c38dcc89de294fc8b795ec4d8f47b741d597ea4ceed56d36434b17c",
                "sha256:6e05fe0994c5947856b708a0648bd8bcda72a767bcf0e1cede86afb98ad5fd22",
                "sha256:74c36047878abcf8d9a7d360ad0ac663f1204df0e6d7c70c2f7c8d79af879e02",
                "sha256:8cc0793afa9e8efa72cb8e6c37f3d20096c5b91de317de699577e6b7ba5eca80",
                "sha256:8d1693a190eb46a97c8b88e3c77b24befd40e8525836493c94e7ac872f91807c",
                "sha256:9aff0de6d706e3e4ee8150a486c4eb4de87895caa3cf7507be8c565dba8c1959",
                "sha256:9d6796062b5479494aa847933cfd15cdf5589b48ced2545386d0a51173f653dc",
                "sha256:a5d6157e68babaac46196a5d65f8a5f9d8403abcfaef8067d2e50333ae16a23c",
                "sha256:d0b5454764366cf390387049447156e073c90f82f8b139a0ec397823c7452fc8",
                "sha256:d2f673ffbf2fcd80482f09cfb79115f3d64e24398aa83562c4f786dfb79dff3c",
                "sha256:dc0b855d630c9e18edc867ccbc755b949755863d5373b736fec5a4c84eca2a18",
                "sha256:e4f2f70c7cdd247984c60aa15d7829a5da14fd01af90d140689e030352a092a2"
            ],
            "index": "pypi",
            "version": "==0.19.0"
        },
        "scipy": {
            "hashes": [
                "sha256:023ee29faa76c184a607e21076f097dc32f3abba7c71ece374588f95920aa993",
                "sha256:1e8fedf602859b541ebae78667ccfc53158edef58d9ee19ee659309004565952",
                "sha256:2a26d06a642e3c9107ca06df125f5dc5507abe2b87fd7865415d03ab654b0b43",
                "sha256:2a3b6ceadbb58d8b8d4a329f8219f9e6f17757ec6c85baf03987bbd2b728c263",
                "sha256:2c9e87d556b83a8e11de7a064856c3997bbaff7f9cf62bf63ff0623751549e4c",
                "sha256:2dc9bcfaa585d9d941fb1add0d160556fe8587c3800264a77643695565a2d279",
                "sha256:4118647273c907ed984da52b71fa2bbb30229f1820fb79b1ed087c8bc9a20cca",
                "sha256:4c26ef44e8bb2cd2aef11c60d163caa04670d6f42996789b209526677310ded2",
                "sha256:4de84e3870228e8afd55a6e63e762aa7c9d1e3bd9a9ef5ab716835a69c77d257",
                "sha256:78713101b32af384c564837fd7ae665a2a72cb6d49edbd8f32148d74724a65a8",
                "sha256:909be30bdd1d8cd57609760ea72a1499543169ed6ea5c66fad50946582682cf8",
                "sha256:93825cc80c638d901099f657dfff852ad2421beb51cb7d1d3f91157741ebe287",
                "sha256:a19a2ca7a7336495ec180adeaa0dfdcf41e96dbbee90d51c3ed828ba570884e6",
                "sha256:b3e97be2cd9f052d984fc5ba2d441897971b744c64d658617944c47bc366f8ff",
                "sha256:b87a923ed390ba0aafcbbcc6f0e023d495f19d2bd22ae59bdef3b0aec6485b39"
            ],
            "index": "pypi",
            "version": "==0.19.1"
        },
        "send2trash": {
            "hashes": [
                "sha256:60001cc07d707fe247c94f74ca6ac0d3255aabcb930529690897ca2a39db28b2",
                "sha256:f1691922577b6fa12821234aeb57599d887c4900b9ca537948d2dac34aea888b"
            ],
            "version": "==1.5.0"
        },
        "simplegeneric": {
            "hashes": [
                "sha256:dc972e06094b9af5b855b3df4a646395e43d1c9d0d39ed345b7393560d0b9173"
            ],
            "index": "pypi",
            "version": "==0.8.1"
        },
        "six": {
            "hashes": [
                "sha256:0ff78c403d9bccf5a425a6d31a12aa6b47f1c21ca4dc2573a7e2f32a97335eb1",
                "sha256:105f8d68616f8248e24bf0e9372ef04d3cc10104f1980f54d57b2ce73a5ad56a"
            ],
            "index": "pypi",
            "version": "==1.10.0"
        },
        "smmap2": {
            "hashes": [
                "sha256:b78ee0f1f5772d69ff50b1cbdb01b8c6647a8354f02f23b488cf4b2cfc923956",
                "sha256:c7530db63f15f09f8251094b22091298e82bf6c699a6b8344aaaef3f2e1276c3"
            ],
            "index": "pypi",
            "version": "==2.0.3"
        },
        "terminado": {
            "hashes": [
                "sha256:55abf9ade563b8f9be1f34e4233c7b7bde726059947a593322e8a553cc4c067a",
                "sha256:65011551baff97f5414c67018e908110693143cfbaeb16831b743fe7cad8b927"
            ],
            "version": "==0.8.1"
        },
        "testpath": {
            "hashes": [
                "sha256:039fa6a6c9fd3488f8336d23aebbfead5fa602c4a47d49d83845f55a595ec1b4",
                "sha256:0d5337839c788da5900df70f8e01015aec141aa3fe7936cb0d0a2953f7ac7609"
            ],
            "index": "pypi",
            "version": "==0.3.1"
        },
        "tornado": {
            "hashes": [
                "sha256:0a6894559e62a186d6cc20f1c0e7318f83ae8e28922d75c4b6f83d42cc91d8b1",
                "sha256:2b4618010625bcf01f187eec3148c6a3db76a2a900f7dde416330fc413274df1",
                "sha256:c3f4456f0ab9e62dab7ede834dcf4c89082238e97b3e67a9196572c076e716aa",
                "sha256:db0904a28253cfe53e7dedc765c71596f3c53bb8a866ae50123320ec1a7b73fd",
                "sha256:fb0883ae46da958d06fda2e3be6c033825a0b8603c493df8a69c0237055308d9"
            ],
            "index": "pypi",
            "version": "==4.5.1"
        },
        "traitlets": {
            "hashes": [
                "sha256:9c4bd2d267b7153df9152698efb1050a5d84982d3384a37b2c1f7723ba3e7835",
                "sha256:c6cb5e6f57c5a9bdaa40fa71ce7b4af30298fbab9ece9815b5d995ab6217c7d9"
            ],
            "index": "pypi",
            "version": "==4.3.2"
        },
        "wcwidth": {
            "hashes": [
                "sha256:3df37372226d6e63e1b1e1eda15c594bca98a22d33a23832a90998faa96bc65e",
                "sha256:f4ebe71925af7b40a864553f761ed559b43544f8f71746c2d756c7fe788ade7c"
            ],
            "index": "pypi",
            "version": "==0.1.7"
        },
        "webencodings": {
            "hashes": [
                "sha256:a0af1213f3c2226497a97e2b3aa01a7e4bee4f403f95be16fc9acd2947514a78",
                "sha256:b36a1c245f2d304965eb4e0a82848379241dc04b865afcc4aab16748587e1923"
            ],
            "index": "pypi",
            "version": "==0.5.1"
        },
        "whoosh": {
            "hashes": [
                "sha256:7ca5633dbfa9e0e0fa400d3151a8a0c4bec53bd2ecedc0a67705b17565c31a83",
                "sha256:aa39c3c3426e3fd107dcb4bde64ca1e276a65a889d9085a6e4b54ba82420a852",
                "sha256:e0857375f63e9041e03fedd5b7541f97cf78917ac1b6b06c1fcc9b45375dda69"
            ],
            "index": "pypi",
            "version": "==2.7.4"
        },
        "widgetsnbextension": {
            "hashes": [
                "sha256:566582a84642d0c0f78b756a954450a38a8743eeb8dad04b7cab3ca66f455e6f",
                "sha256:59c84f7483f7699d5fbdfa5756fc32d9fae9d5aad4aca5113a4d99c85632dad8"
            ],
            "index": "pypi",
            "version": "==2.0.0"
        }
    },
    "develop": {}
}
